// !$*UTF8*$!
{
	archiveVersion = 1;
	classes = {
	};
	objectVersion = 56;
	objects = {

/* Begin PBXBuildFile section */
		D06303D02C27027E002982CD /* PaymentVC.swift in Sources */ = {isa = PBXBuildFile; fileRef = D06303CF2C27027E002982CD /* PaymentVC.swift */; };
		D06303D32C27028D002982CD /* Extensions.swift in Sources */ = {isa = PBXBuildFile; fileRef = D06303D22C27028D002982CD /* Extensions.swift */; };
		D06303D52C270297002982CD /* Cart in Resources */ = {isa = PBXBuildFile; fileRef = D06303D42C270297002982CD /* Cart */; };
		D26035A12C26FC8F00AB0BC2 /* ProductsList.swift in Sources */ = {isa = PBXBuildFile; fileRef = D26035A02C26FC8F00AB0BC2 /* ProductsList.swift */; };
		D26035A42C26FCBE00AB0BC2 /* ProductModel.swift in Sources */ = {isa = PBXBuildFile; fileRef = D26035A32C26FCBE00AB0BC2 /* ProductModel.swift */; };
		D26035A72C26FCD600AB0BC2 /* ProductNetworkService.swift in Sources */ = {isa = PBXBuildFile; fileRef = D26035A52C26FCD600AB0BC2 /* ProductNetworkService.swift */; };
		D2D449012C26FB070014E7C1 /* AppDelegate.swift in Sources */ = {isa = PBXBuildFile; fileRef = D2D449002C26FB070014E7C1 /* AppDelegate.swift */; };
		D2D449032C26FB070014E7C1 /* SceneDelegate.swift in Sources */ = {isa = PBXBuildFile; fileRef = D2D449022C26FB070014E7C1 /* SceneDelegate.swift */; };
		D2D449052C26FB070014E7C1 /* ViewController.swift in Sources */ = {isa = PBXBuildFile; fileRef = D2D449042C26FB070014E7C1 /* ViewController.swift */; };
		D2D4490B2C26FB070014E7C1 /* Collab_Project.xcdatamodeld in Sources */ = {isa = PBXBuildFile; fileRef = D2D449092C26FB070014E7C1 /* Collab_Project.xcdatamodeld */; };
		D2D4490D2C26FB080014E7C1 /* Assets.xcassets in Resources */ = {isa = PBXBuildFile; fileRef = D2D4490C2C26FB080014E7C1 /* Assets.xcassets */; };
		D2D449102C26FB080014E7C1 /* Base in Resources */ = {isa = PBXBuildFile; fileRef = D2D4490F2C26FB080014E7C1 /* Base */; };
/* End PBXBuildFile section */

/* Begin PBXFileReference section */
		D06303CF2C27027E002982CD /* PaymentVC.swift */ = {isa = PBXFileReference; fileEncoding = 4; lastKnownFileType = sourcecode.swift; name = PaymentVC.swift; path = "../../Collaboration-Project-cart/Collaboration-Project/Payment-Info/PaymentVC.swift"; sourceTree = "<group>"; };
		D06303D12C270282002982CD /* PaymentVC.swift */ = {isa = PBXFileReference; lastKnownFileType = sourcecode.swift; path = PaymentVC.swift; sourceTree = "<group>"; };
		D06303D22C27028D002982CD /* Extensions.swift */ = {isa = PBXFileReference; fileEncoding = 4; lastKnownFileType = sourcecode.swift; name = Extensions.swift; path = "../../../Collaboration-Project-cart/Collaboration-Project/Payment-Info/Extensions.swift"; sourceTree = "<group>"; };
		D06303D42C270297002982CD /* Cart */ = {isa = PBXFileReference; lastKnownFileType = folder; name = Cart; path = "../../Collaboration-Project-cart/Collaboration-Project/Cart"; sourceTree = "<group>"; };
		D26035A02C26FC8F00AB0BC2 /* ProductsList.swift */ = {isa = PBXFileReference; fileEncoding = 4; lastKnownFileType = sourcecode.swift; path = ProductsList.swift; sourceTree = "<group>"; };
		D26035A32C26FCBE00AB0BC2 /* ProductModel.swift */ = {isa = PBXFileReference; fileEncoding = 4; lastKnownFileType = sourcecode.swift; path = ProductModel.swift; sourceTree = "<group>"; };
		D26035A52C26FCD600AB0BC2 /* ProductNetworkService.swift */ = {isa = PBXFileReference; fileEncoding = 4; lastKnownFileType = sourcecode.swift; path = ProductNetworkService.swift; sourceTree = "<group>"; };
		D2D448FD2C26FB070014E7C1 /* Collab-Project.app */ = {isa = PBXFileReference; explicitFileType = wrapper.application; includeInIndex = 0; path = "Collab-Project.app"; sourceTree = BUILT_PRODUCTS_DIR; };
		D2D449002C26FB070014E7C1 /* AppDelegate.swift */ = {isa = PBXFileReference; lastKnownFileType = sourcecode.swift; path = AppDelegate.swift; sourceTree = "<group>"; };
		D2D449022C26FB070014E7C1 /* SceneDelegate.swift */ = {isa = PBXFileReference; lastKnownFileType = sourcecode.swift; path = SceneDelegate.swift; sourceTree = "<group>"; };
		D2D449042C26FB070014E7C1 /* ViewController.swift */ = {isa = PBXFileReference; lastKnownFileType = sourcecode.swift; path = ViewController.swift; sourceTree = "<group>"; };
		D2D4490A2C26FB070014E7C1 /* Collab_Project.xcdatamodel */ = {isa = PBXFileReference; lastKnownFileType = wrapper.xcdatamodel; path = Collab_Project.xcdatamodel; sourceTree = "<group>"; };
		D2D4490C2C26FB080014E7C1 /* Assets.xcassets */ = {isa = PBXFileReference; lastKnownFileType = folder.assetcatalog; path = Assets.xcassets; sourceTree = "<group>"; };
		D2D4490F2C26FB080014E7C1 /* Base */ = {isa = PBXFileReference; lastKnownFileType = file.storyboard; name = Base; path = Base.lproj/LaunchScreen.storyboard; sourceTree = "<group>"; };
		D2D449112C26FB080014E7C1 /* Info.plist */ = {isa = PBXFileReference; lastKnownFileType = text.plist.xml; path = Info.plist; sourceTree = "<group>"; };
/* End PBXFileReference section */

/* Begin PBXFrameworksBuildPhase section */
		D2D448FA2C26FB070014E7C1 /* Frameworks */ = {
			isa = PBXFrameworksBuildPhase;
			buildActionMask = 2147483647;
			files = (
			);
			runOnlyForDeploymentPostprocessing = 0;
		};
/* End PBXFrameworksBuildPhase section */

/* Begin PBXGroup section */
		D06303CE2C27025F002982CD /* Payment-info */ = {
			isa = PBXGroup;
			children = (
				D06303D22C27028D002982CD /* Extensions.swift */,
				D06303D12C270282002982CD /* PaymentVC.swift */,
			);
			path = "Payment-info";
			sourceTree = "<group>";
		};
		D260359F2C26FC7000AB0BC2 /* ProductsList */ = {
			isa = PBXGroup;
			children = (
				D26035A02C26FC8F00AB0BC2 /* ProductsList.swift */,
			);
			path = ProductsList;
			sourceTree = "<group>";
		};
		D26035A22C26FCAD00AB0BC2 /* Core */ = {
			isa = PBXGroup;
			children = (
				D26035A82C26FCE600AB0BC2 /* Models */,
				D26035A62C26FCD600AB0BC2 /* NetworkService */,
			);
			path = Core;
			sourceTree = "<group>";
		};
		D26035A62C26FCD600AB0BC2 /* NetworkService */ = {
			isa = PBXGroup;
			children = (
				D26035A52C26FCD600AB0BC2 /* ProductNetworkService.swift */,
			);
			path = NetworkService;
			sourceTree = "<group>";
		};
		D26035A82C26FCE600AB0BC2 /* Models */ = {
			isa = PBXGroup;
			children = (
				D26035A32C26FCBE00AB0BC2 /* ProductModel.swift */,
			);
			path = Models;
			sourceTree = "<group>";
		};
		D2D448F42C26FB070014E7C1 = {
			isa = PBXGroup;
			children = (
				D2D448FF2C26FB070014E7C1 /* Collab-Project */,
				D2D448FE2C26FB070014E7C1 /* Products */,
			);
			sourceTree = "<group>";
		};
		D2D448FE2C26FB070014E7C1 /* Products */ = {
			isa = PBXGroup;
			children = (
				D2D448FD2C26FB070014E7C1 /* Collab-Project.app */,
			);
			name = Products;
			sourceTree = "<group>";
		};
		D2D448FF2C26FB070014E7C1 /* Collab-Project */ = {
			isa = PBXGroup;
			children = (
				D06303CF2C27027E002982CD /* PaymentVC.swift */,
				D06303CE2C27025F002982CD /* Payment-info */,
				D26035A22C26FCAD00AB0BC2 /* Core */,
				D260359F2C26FC7000AB0BC2 /* ProductsList */,
				D06303D42C270297002982CD /* Cart */,
				D2D449002C26FB070014E7C1 /* AppDelegate.swift */,
				D2D449022C26FB070014E7C1 /* SceneDelegate.swift */,
				D2D449042C26FB070014E7C1 /* ViewController.swift */,
				D2D4490C2C26FB080014E7C1 /* Assets.xcassets */,
				D2D4490E2C26FB080014E7C1 /* LaunchScreen.storyboard */,
				D2D449112C26FB080014E7C1 /* Info.plist */,
				D2D449092C26FB070014E7C1 /* Collab_Project.xcdatamodeld */,
			);
			path = "Collab-Project";
			sourceTree = "<group>";
		};
/* End PBXGroup section */

/* Begin PBXNativeTarget section */
		D2D448FC2C26FB070014E7C1 /* Collab-Project */ = {
			isa = PBXNativeTarget;
			buildConfigurationList = D2D449142C26FB080014E7C1 /* Build configuration list for PBXNativeTarget "Collab-Project" */;
			buildPhases = (
				D2D448F92C26FB070014E7C1 /* Sources */,
				D2D448FA2C26FB070014E7C1 /* Frameworks */,
				D2D448FB2C26FB070014E7C1 /* Resources */,
			);
			buildRules = (
			);
			dependencies = (
			);
			name = "Collab-Project";
			productName = "Collab-Project";
			productReference = D2D448FD2C26FB070014E7C1 /* Collab-Project.app */;
			productType = "com.apple.product-type.application";
		};
/* End PBXNativeTarget section */

/* Begin PBXProject section */
		D2D448F52C26FB070014E7C1 /* Project object */ = {
			isa = PBXProject;
			attributes = {
				BuildIndependentTargetsInParallel = 1;
				LastSwiftUpdateCheck = 1540;
				LastUpgradeCheck = 1540;
				TargetAttributes = {
					D2D448FC2C26FB070014E7C1 = {
						CreatedOnToolsVersion = 15.4;
					};
				};
			};
			buildConfigurationList = D2D448F82C26FB070014E7C1 /* Build configuration list for PBXProject "Collab-Project" */;
			compatibilityVersion = "Xcode 14.0";
			developmentRegion = en;
			hasScannedForEncodings = 0;
			knownRegions = (
				en,
				Base,
			);
			mainGroup = D2D448F42C26FB070014E7C1;
			productRefGroup = D2D448FE2C26FB070014E7C1 /* Products */;
			projectDirPath = "";
			projectRoot = "";
			targets = (
				D2D448FC2C26FB070014E7C1 /* Collab-Project */,
			);
		};
/* End PBXProject section */

/* Begin PBXResourcesBuildPhase section */
		D2D448FB2C26FB070014E7C1 /* Resources */ = {
			isa = PBXResourcesBuildPhase;
			buildActionMask = 2147483647;
			files = (
				D2D4490D2C26FB080014E7C1 /* Assets.xcassets in Resources */,
				D06303D52C270297002982CD /* Cart in Resources */,
				D2D449102C26FB080014E7C1 /* Base in Resources */,
			);
			runOnlyForDeploymentPostprocessing = 0;
		};
/* End PBXResourcesBuildPhase section */

/* Begin PBXSourcesBuildPhase section */
		D2D448F92C26FB070014E7C1 /* Sources */ = {
			isa = PBXSourcesBuildPhase;
			buildActionMask = 2147483647;
			files = (
				D2D449052C26FB070014E7C1 /* ViewController.swift in Sources */,
				D06303D32C27028D002982CD /* Extensions.swift in Sources */,
				D06303D02C27027E002982CD /* PaymentVC.swift in Sources */,
				D26035A42C26FCBE00AB0BC2 /* ProductModel.swift in Sources */,
				D26035A72C26FCD600AB0BC2 /* ProductNetworkService.swift in Sources */,
				D2D449012C26FB070014E7C1 /* AppDelegate.swift in Sources */,
				D26035A12C26FC8F00AB0BC2 /* ProductsList.swift in Sources */,
				D2D4490B2C26FB070014E7C1 /* Collab_Project.xcdatamodeld in Sources */,
				D2D449032C26FB070014E7C1 /* SceneDelegate.swift in Sources */,
			);
			runOnlyForDeploymentPostprocessing = 0;
		};
/* End PBXSourcesBuildPhase section */

/* Begin PBXVariantGroup section */
		D2D4490E2C26FB080014E7C1 /* LaunchScreen.storyboard */ = {
			isa = PBXVariantGroup;
			children = (
				D2D4490F2C26FB080014E7C1 /* Base */,
			);
			name = LaunchScreen.storyboard;
			sourceTree = "<group>";
		};
/* End PBXVariantGroup section */

/* Begin XCBuildConfiguration section */
		D2D449122C26FB080014E7C1 /* Debug */ = {
			isa = XCBuildConfiguration;
			buildSettings = {
				ALWAYS_SEARCH_USER_PATHS = NO;
				ASSETCATALOG_COMPILER_GENERATE_SWIFT_ASSET_SYMBOL_EXTENSIONS = YES;
				CLANG_ANALYZER_NONNULL = YES;
				CLANG_ANALYZER_NUMBER_OBJECT_CONVERSION = YES_AGGRESSIVE;
				CLANG_CXX_LANGUAGE_STANDARD = "gnu++20";
				CLANG_ENABLE_MODULES = YES;
				CLANG_ENABLE_OBJC_ARC = YES;
				CLANG_ENABLE_OBJC_WEAK = YES;
				CLANG_WARN_BLOCK_CAPTURE_AUTORELEASING = YES;
				CLANG_WARN_BOOL_CONVERSION = YES;
				CLANG_WARN_COMMA = YES;
				CLANG_WARN_CONSTANT_CONVERSION = YES;
				CLANG_WARN_DEPRECATED_OBJC_IMPLEMENTATIONS = YES;
				CLANG_WARN_DIRECT_OBJC_ISA_USAGE = YES_ERROR;
				CLANG_WARN_DOCUMENTATION_COMMENTS = YES;
				CLANG_WARN_EMPTY_BODY = YES;
				CLANG_WARN_ENUM_CONVERSION = YES;
				CLANG_WARN_INFINITE_RECURSION = YES;
				CLANG_WARN_INT_CONVERSION = YES;
				CLANG_WARN_NON_LITERAL_NULL_CONVERSION = YES;
				CLANG_WARN_OBJC_IMPLICIT_RETAIN_SELF = YES;
				CLANG_WARN_OBJC_LITERAL_CONVERSION = YES;
				CLANG_WARN_OBJC_ROOT_CLASS = YES_ERROR;
				CLANG_WARN_QUOTED_INCLUDE_IN_FRAMEWORK_HEADER = YES;
				CLANG_WARN_RANGE_LOOP_ANALYSIS = YES;
				CLANG_WARN_STRICT_PROTOTYPES = YES;
				CLANG_WARN_SUSPICIOUS_MOVE = YES;
				CLANG_WARN_UNGUARDED_AVAILABILITY = YES_AGGRESSIVE;
				CLANG_WARN_UNREACHABLE_CODE = YES;
				CLANG_WARN__DUPLICATE_METHOD_MATCH = YES;
				COPY_PHASE_STRIP = NO;
				DEBUG_INFORMATION_FORMAT = dwarf;
				ENABLE_STRICT_OBJC_MSGSEND = YES;
				ENABLE_TESTABILITY = YES;
				ENABLE_USER_SCRIPT_SANDBOXING = YES;
				GCC_C_LANGUAGE_STANDARD = gnu17;
				GCC_DYNAMIC_NO_PIC = NO;
				GCC_NO_COMMON_BLOCKS = YES;
				GCC_OPTIMIZATION_LEVEL = 0;
				GCC_PREPROCESSOR_DEFINITIONS = (
					"DEBUG=1",
					"$(inherited)",
				);
				GCC_WARN_64_TO_32_BIT_CONVERSION = YES;
				GCC_WARN_ABOUT_RETURN_TYPE = YES_ERROR;
				GCC_WARN_UNDECLARED_SELECTOR = YES;
				GCC_WARN_UNINITIALIZED_AUTOS = YES_AGGRESSIVE;
				GCC_WARN_UNUSED_FUNCTION = YES;
				GCC_WARN_UNUSED_VARIABLE = YES;
				IPHONEOS_DEPLOYMENT_TARGET = 17.5;
				LOCALIZATION_PREFERS_STRING_CATALOGS = YES;
				MTL_ENABLE_DEBUG_INFO = INCLUDE_SOURCE;
				MTL_FAST_MATH = YES;
				ONLY_ACTIVE_ARCH = YES;
				SDKROOT = iphoneos;
				SWIFT_ACTIVE_COMPILATION_CONDITIONS = "DEBUG $(inherited)";
				SWIFT_OPTIMIZATION_LEVEL = "-Onone";
			};
			name = Debug;
		};
		D2D449132C26FB080014E7C1 /* Release */ = {
			isa = XCBuildConfiguration;
			buildSettings = {
				ALWAYS_SEARCH_USER_PATHS = NO;
				ASSETCATALOG_COMPILER_GENERATE_SWIFT_ASSET_SYMBOL_EXTENSIONS = YES;
				CLANG_ANALYZER_NONNULL = YES;
				CLANG_ANALYZER_NUMBER_OBJECT_CONVERSION = YES_AGGRESSIVE;
				CLANG_CXX_LANGUAGE_STANDARD = "gnu++20";
				CLANG_ENABLE_MODULES = YES;
				CLANG_ENABLE_OBJC_ARC = YES;
				CLANG_ENABLE_OBJC_WEAK = YES;
				CLANG_WARN_BLOCK_CAPTURE_AUTORELEASING = YES;
				CLANG_WARN_BOOL_CONVERSION = YES;
				CLANG_WARN_COMMA = YES;
				CLANG_WARN_CONSTANT_CONVERSION = YES;
				CLANG_WARN_DEPRECATED_OBJC_IMPLEMENTATIONS = YES;
				CLANG_WARN_DIRECT_OBJC_ISA_USAGE = YES_ERROR;
				CLANG_WARN_DOCUMENTATION_COMMENTS = YES;
				CLANG_WARN_EMPTY_BODY = YES;
				CLANG_WARN_ENUM_CONVERSION = YES;
				CLANG_WARN_INFINITE_RECURSION = YES;
				CLANG_WARN_INT_CONVERSION = YES;
				CLANG_WARN_NON_LITERAL_NULL_CONVERSION = YES;
				CLANG_WARN_OBJC_IMPLICIT_RETAIN_SELF = YES;
				CLANG_WARN_OBJC_LITERAL_CONVERSION = YES;
				CLANG_WARN_OBJC_ROOT_CLASS = YES_ERROR;
				CLANG_WARN_QUOTED_INCLUDE_IN_FRAMEWORK_HEADER = YES;
				CLANG_WARN_RANGE_LOOP_ANALYSIS = YES;
				CLANG_WARN_STRICT_PROTOTYPES = YES;
				CLANG_WARN_SUSPICIOUS_MOVE = YES;
				CLANG_WARN_UNGUARDED_AVAILABILITY = YES_AGGRESSIVE;
				CLANG_WARN_UNREACHABLE_CODE = YES;
				CLANG_WARN__DUPLICATE_METHOD_MATCH = YES;
				COPY_PHASE_STRIP = NO;
				DEBUG_INFORMATION_FORMAT = "dwarf-with-dsym";
				ENABLE_NS_ASSERTIONS = NO;
				ENABLE_STRICT_OBJC_MSGSEND = YES;
				ENABLE_USER_SCRIPT_SANDBOXING = YES;
				GCC_C_LANGUAGE_STANDARD = gnu17;
				GCC_NO_COMMON_BLOCKS = YES;
				GCC_WARN_64_TO_32_BIT_CONVERSION = YES;
				GCC_WARN_ABOUT_RETURN_TYPE = YES_ERROR;
				GCC_WARN_UNDECLARED_SELECTOR = YES;
				GCC_WARN_UNINITIALIZED_AUTOS = YES_AGGRESSIVE;
				GCC_WARN_UNUSED_FUNCTION = YES;
				GCC_WARN_UNUSED_VARIABLE = YES;
				IPHONEOS_DEPLOYMENT_TARGET = 17.5;
				LOCALIZATION_PREFERS_STRING_CATALOGS = YES;
				MTL_ENABLE_DEBUG_INFO = NO;
				MTL_FAST_MATH = YES;
				SDKROOT = iphoneos;
				SWIFT_COMPILATION_MODE = wholemodule;
				VALIDATE_PRODUCT = YES;
			};
			name = Release;
		};
		D2D449152C26FB080014E7C1 /* Debug */ = {
			isa = XCBuildConfiguration;
			buildSettings = {
				ASSETCATALOG_COMPILER_APPICON_NAME = AppIcon;
				ASSETCATALOG_COMPILER_GLOBAL_ACCENT_COLOR_NAME = AccentColor;
				CODE_SIGN_STYLE = Automatic;
				CURRENT_PROJECT_VERSION = 1;
				DEVELOPMENT_TEAM = 4BHPBG8MY9;
				GENERATE_INFOPLIST_FILE = YES;
				INFOPLIST_FILE = "Collab-Project/Info.plist";
				INFOPLIST_KEY_UIApplicationSupportsIndirectInputEvents = YES;
				INFOPLIST_KEY_UILaunchStoryboardName = LaunchScreen;
				INFOPLIST_KEY_UIMainStoryboardFile = "";
				INFOPLIST_KEY_UISupportedInterfaceOrientations_iPad = "UIInterfaceOrientationPortrait UIInterfaceOrientationPortraitUpsideDown UIInterfaceOrientationLandscapeLeft UIInterfaceOrientationLandscapeRight";
				INFOPLIST_KEY_UISupportedInterfaceOrientations_iPhone = "UIInterfaceOrientationPortrait UIInterfaceOrientationLandscapeLeft UIInterfaceOrientationLandscapeRight";
				IPHONEOS_DEPLOYMENT_TARGET = 16.0;
				LD_RUNPATH_SEARCH_PATHS = (
					"$(inherited)",
					"@executable_path/Frameworks",
				);
				MARKETING_VERSION = 1.0;
				PRODUCT_BUNDLE_IDENTIFIER = "com.repository.Collab-Project";
				PRODUCT_NAME = "$(TARGET_NAME)";
				SWIFT_EMIT_LOC_STRINGS = YES;
				SWIFT_VERSION = 5.0;
				TARGETED_DEVICE_FAMILY = "1,2";
			};
			name = Debug;
		};
		D2D449162C26FB080014E7C1 /* Release */ = {
			isa = XCBuildConfiguration;
			buildSettings = {
				ASSETCATALOG_COMPILER_APPICON_NAME = AppIcon;
				ASSETCATALOG_COMPILER_GLOBAL_ACCENT_COLOR_NAME = AccentColor;
				CODE_SIGN_STYLE = Automatic;
				CURRENT_PROJECT_VERSION = 1;
				DEVELOPMENT_TEAM = 4BHPBG8MY9;
				GENERATE_INFOPLIST_FILE = YES;
				INFOPLIST_FILE = "Collab-Project/Info.plist";
				INFOPLIST_KEY_UIApplicationSupportsIndirectInputEvents = YES;
				INFOPLIST_KEY_UILaunchStoryboardName = LaunchScreen;
				INFOPLIST_KEY_UIMainStoryboardFile = "";
				INFOPLIST_KEY_UISupportedInterfaceOrientations_iPad = "UIInterfaceOrientationPortrait UIInterfaceOrientationPortraitUpsideDown UIInterfaceOrientationLandscapeLeft UIInterfaceOrientationLandscapeRight";
				INFOPLIST_KEY_UISupportedInterfaceOrientations_iPhone = "UIInterfaceOrientationPortrait UIInterfaceOrientationLandscapeLeft UIInterfaceOrientationLandscapeRight";
				IPHONEOS_DEPLOYMENT_TARGET = 16.0;
				LD_RUNPATH_SEARCH_PATHS = (
					"$(inherited)",
					"@executable_path/Frameworks",
				);
				MARKETING_VERSION = 1.0;
				PRODUCT_BUNDLE_IDENTIFIER = "com.repository.Collab-Project";
				PRODUCT_NAME = "$(TARGET_NAME)";
				SWIFT_EMIT_LOC_STRINGS = YES;
				SWIFT_VERSION = 5.0;
				TARGETED_DEVICE_FAMILY = "1,2";
			};
			name = Release;
		};
/* End XCBuildConfiguration section */

/* Begin XCConfigurationList section */
		D2D448F82C26FB070014E7C1 /* Build configuration list for PBXProject "Collab-Project" */ = {
			isa = XCConfigurationList;
			buildConfigurations = (
				D2D449122C26FB080014E7C1 /* Debug */,
				D2D449132C26FB080014E7C1 /* Release */,
			);
			defaultConfigurationIsVisible = 0;
			defaultConfigurationName = Release;
		};
		D2D449142C26FB080014E7C1 /* Build configuration list for PBXNativeTarget "Collab-Project" */ = {
			isa = XCConfigurationList;
			buildConfigurations = (
				D2D449152C26FB080014E7C1 /* Debug */,
				D2D449162C26FB080014E7C1 /* Release */,
			);
			defaultConfigurationIsVisible = 0;
			defaultConfigurationName = Release;
		};
/* End XCConfigurationList section */

/* Begin XCVersionGroup section */
		D2D449092C26FB070014E7C1 /* Collab_Project.xcdatamodeld */ = {
			isa = XCVersionGroup;
			children = (
				D2D4490A2C26FB070014E7C1 /* Collab_Project.xcdatamodel */,
			);
			currentVersion = D2D4490A2C26FB070014E7C1 /* Collab_Project.xcdatamodel */;
			path = Collab_Project.xcdatamodeld;
			sourceTree = "<group>";
			versionGroupType = wrapper.xcdatamodel;
		};
/* End XCVersionGroup section */
	};
	rootObject = D2D448F52C26FB070014E7C1 /* Project object */;
}
